github.com/jpanther/congo/v2 v2.5.0 h1:eAnZFSsY9C0buQmyRVtIR7WAl2sHZEn5LXYvwS7BsxI=
github.com/jpanther/congo/v2 v2.5.0/go.mod h1:1S7DRoO1ZYS4YUdFd1LjTkdyjQwsjFWd8TqSfz3Jd+M=
github.com/jpanther/congo/v2 v2.5.1 h1:HjpZZAL9lXpY+u8M0y4ZkeUL9Fu255pI4CmWXRn4yWc=
github.com/jpanther/congo/v2 v2.5.1/go.mod h1:1S7DRoO1ZYS4YUdFd1LjTkdyjQwsjFWd8TqSfz3Jd+M=
